
Microsoft Visual Studio Solution File, Format Version 12.00
# Visual Studio Version 17
VisualStudioVersion = 17.7.34202.233
MinimumVisualStudioVersion = 10.0.40219.1
Project("{9A19103F-16F7-4668-BE54-9A1E7A4F7556}") = "MSTempo", "MSTempo.csproj", "{26CA2D32-CA87-4A53-8005-4247FDE71C73}"
EndProject
Global
	GlobalSection(SolutionConfigurationPlatforms) = preSolution
		Debug|Any CPU = Debug|Any CPU
		Release|Any CPU = Release|Any CPU
	EndGlobalSection
	GlobalSection(ProjectConfigurationPlatforms) = postSolution
		{26CA2D32-CA87-4A53-8005-4247FDE71C73}.Debug|Any CPU.ActiveCfg = Debug|Any CPU
		{26CA2D32-CA87-4A53-8005-4247FDE71C73}.Debug|Any CPU.Build.0 = Debug|Any CPU
		{26CA2D32-CA87-4A53-8005-4247FDE71C73}.Release|Any CPU.ActiveCfg = Release|Any CPU
		{26CA2D32-CA87-4A53-8005-4247FDE71C73}.Release|Any CPU.Build.0 = Release|Any CPU
	EndGlobalSection
	GlobalSection(SolutionProperties) = preSolution
		HideSolutionNode = FALSE
	EndGlobalSection
	GlobalSection(ExtensibilityGlobals) = postSolution
		SolutionGuid = {FFECCA0E-299C-4715-A7F1-1705B83E1F68}
	EndGlobalSection
EndGlobal
