
Microsoft Visual Studio Solution File, Format Version 12.00
# Visual Studio Version 17
VisualStudioVersion = 17.7.34202.233
MinimumVisualStudioVersion = 10.0.40219.1
Project("{9A19103F-16F7-4668-BE54-9A1E7A4F7556}") = "BusinessProject", "..\BusinessProject\BusinessProject.csproj", "{CED53974-6D00-4903-9AB8-5F4FDF5AFCAF}"
EndProject
Project("{9A19103F-16F7-4668-BE54-9A1E7A4F7556}") = "MSTempo", "..\MSTempo\MSTempo.csproj", "{C064125E-30F8-41C9-A130-F81E7290A9B6}"
EndProject
Global
	GlobalSection(SolutionConfigurationPlatforms) = preSolution
		Debug|Any CPU = Debug|Any CPU
		Release|Any CPU = Release|Any CPU
	EndGlobalSection
	GlobalSection(ProjectConfigurationPlatforms) = postSolution
		{CED53974-6D00-4903-9AB8-5F4FDF5AFCAF}.Debug|Any CPU.ActiveCfg = Debug|Any CPU
		{CED53974-6D00-4903-9AB8-5F4FDF5AFCAF}.Debug|Any CPU.Build.0 = Debug|Any CPU
		{CED53974-6D00-4903-9AB8-5F4FDF5AFCAF}.Release|Any CPU.ActiveCfg = Release|Any CPU
		{CED53974-6D00-4903-9AB8-5F4FDF5AFCAF}.Release|Any CPU.Build.0 = Release|Any CPU
		{C064125E-30F8-41C9-A130-F81E7290A9B6}.Debug|Any CPU.ActiveCfg = Debug|Any CPU
		{C064125E-30F8-41C9-A130-F81E7290A9B6}.Debug|Any CPU.Build.0 = Debug|Any CPU
		{C064125E-30F8-41C9-A130-F81E7290A9B6}.Release|Any CPU.ActiveCfg = Release|Any CPU
		{C064125E-30F8-41C9-A130-F81E7290A9B6}.Release|Any CPU.Build.0 = Release|Any CPU
	EndGlobalSection
	GlobalSection(SolutionProperties) = preSolution
		HideSolutionNode = FALSE
	EndGlobalSection
	GlobalSection(ExtensibilityGlobals) = postSolution
		SolutionGuid = {165F7288-7E7F-431F-A5B1-FD1403272074}
	EndGlobalSection
EndGlobal
