
Microsoft Visual Studio Solution File, Format Version 12.00
# Visual Studio Version 17
VisualStudioVersion = 17.7.34202.233
MinimumVisualStudioVersion = 10.0.40219.1
Project("{9A19103F-16F7-4668-BE54-9A1E7A4F7556}") = "MSGateway", "MSGateway.csproj", "{685D2345-6273-4781-9DCD-1C0EA033D0B1}"
EndProject
Global
	GlobalSection(SolutionConfigurationPlatforms) = preSolution
		Debug|Any CPU = Debug|Any CPU
		Release|Any CPU = Release|Any CPU
	EndGlobalSection
	GlobalSection(ProjectConfigurationPlatforms) = postSolution
		{685D2345-6273-4781-9DCD-1C0EA033D0B1}.Debug|Any CPU.ActiveCfg = Debug|Any CPU
		{685D2345-6273-4781-9DCD-1C0EA033D0B1}.Debug|Any CPU.Build.0 = Debug|Any CPU
		{685D2345-6273-4781-9DCD-1C0EA033D0B1}.Release|Any CPU.ActiveCfg = Release|Any CPU
		{685D2345-6273-4781-9DCD-1C0EA033D0B1}.Release|Any CPU.Build.0 = Release|Any CPU
	EndGlobalSection
	GlobalSection(SolutionProperties) = preSolution
		HideSolutionNode = FALSE
	EndGlobalSection
	GlobalSection(ExtensibilityGlobals) = postSolution
		SolutionGuid = {B4F128CC-8E41-46B0-AC29-8AE143AE223F}
	EndGlobalSection
EndGlobal
